
Microsoft Visual Studio Solution File, Format Version 12.00
# Visual Studio Version 17
VisualStudioVersion = 17.6.33829.357
MinimumVisualStudioVersion = 10.0.40219.1
Project("{FAE04EC0-301F-11D3-BF4B-00C04F79EFBC}") = "Recursividade", "Recursividade\Recursividade.csproj", "{B477ACD8-DEAA-41F2-944E-D4CA39703D2B}"
EndProject
Global
	GlobalSection(SolutionConfigurationPlatforms) = preSolution
		Debug|Any CPU = Debug|Any CPU
		Release|Any CPU = Release|Any CPU
	EndGlobalSection
	GlobalSection(ProjectConfigurationPlatforms) = postSolution
		{B477ACD8-DEAA-41F2-944E-D4CA39703D2B}.Debug|Any CPU.ActiveCfg = Debug|Any CPU
		{B477ACD8-DEAA-41F2-944E-D4CA39703D2B}.Debug|Any CPU.Build.0 = Debug|Any CPU
		{B477ACD8-DEAA-41F2-944E-D4CA39703D2B}.Release|Any CPU.ActiveCfg = Release|Any CPU
		{B477ACD8-DEAA-41F2-944E-D4CA39703D2B}.Release|Any CPU.Build.0 = Release|Any CPU
	EndGlobalSection
	GlobalSection(SolutionProperties) = preSolution
		HideSolutionNode = FALSE
	EndGlobalSection
	GlobalSection(ExtensibilityGlobals) = postSolution
		SolutionGuid = {1CD1210E-B451-4474-A996-67F1F100E411}
	EndGlobalSection
EndGlobal
