
Microsoft Visual Studio Solution File, Format Version 12.00
# Visual Studio Version 17
VisualStudioVersion = 17.6.33829.357
MinimumVisualStudioVersion = 10.0.40219.1
Project("{FAE04EC0-301F-11D3-BF4B-00C04F79EFBC}") = "EstruturaCondicional", "EstruturaCondicional\EstruturaCondicional.csproj", "{D99BB99D-8A91-4F20-9AE4-4317D8F6B224}"
EndProject
Global
	GlobalSection(SolutionConfigurationPlatforms) = preSolution
		Debug|Any CPU = Debug|Any CPU
		Release|Any CPU = Release|Any CPU
	EndGlobalSection
	GlobalSection(ProjectConfigurationPlatforms) = postSolution
		{D99BB99D-8A91-4F20-9AE4-4317D8F6B224}.Debug|Any CPU.ActiveCfg = Debug|Any CPU
		{D99BB99D-8A91-4F20-9AE4-4317D8F6B224}.Debug|Any CPU.Build.0 = Debug|Any CPU
		{D99BB99D-8A91-4F20-9AE4-4317D8F6B224}.Release|Any CPU.ActiveCfg = Release|Any CPU
		{D99BB99D-8A91-4F20-9AE4-4317D8F6B224}.Release|Any CPU.Build.0 = Release|Any CPU
	EndGlobalSection
	GlobalSection(SolutionProperties) = preSolution
		HideSolutionNode = FALSE
	EndGlobalSection
	GlobalSection(ExtensibilityGlobals) = postSolution
		SolutionGuid = {81368D2C-A9B9-46B7-AB55-DEA2BFD86230}
	EndGlobalSection
EndGlobal
