
Microsoft Visual Studio Solution File, Format Version 12.00
# Visual Studio Version 17
VisualStudioVersion = 17.6.33829.357
MinimumVisualStudioVersion = 10.0.40219.1
Project("{FAE04EC0-301F-11D3-BF4B-00C04F79EFBC}") = "calculadora", "calculadora\calculadora.csproj", "{910F7246-36AD-49B9-ACF5-9554AF86308B}"
EndProject
Global
	GlobalSection(SolutionConfigurationPlatforms) = preSolution
		Debug|Any CPU = Debug|Any CPU
		Release|Any CPU = Release|Any CPU
	EndGlobalSection
	GlobalSection(ProjectConfigurationPlatforms) = postSolution
		{910F7246-36AD-49B9-ACF5-9554AF86308B}.Debug|Any CPU.ActiveCfg = Debug|Any CPU
		{910F7246-36AD-49B9-ACF5-9554AF86308B}.Debug|Any CPU.Build.0 = Debug|Any CPU
		{910F7246-36AD-49B9-ACF5-9554AF86308B}.Release|Any CPU.ActiveCfg = Release|Any CPU
		{910F7246-36AD-49B9-ACF5-9554AF86308B}.Release|Any CPU.Build.0 = Release|Any CPU
	EndGlobalSection
	GlobalSection(SolutionProperties) = preSolution
		HideSolutionNode = FALSE
	EndGlobalSection
	GlobalSection(ExtensibilityGlobals) = postSolution
		SolutionGuid = {6776AAF8-7822-4999-99AF-000DB832CDD6}
	EndGlobalSection
EndGlobal
